
Microsoft Visual Studio Solution File, Format Version 12.00
# Visual Studio Version 17
VisualStudioVersion = 17.14.36109.1 d17.14
MinimumVisualStudioVersion = 10.0.40219.1
Project("{FAE04EC0-301F-11D3-BF4B-00C04F79EFBC}") = "MastermindGame", "MastermindGame\MastermindGame.csproj", "{79AB36B9-33F6-4314-AB4A-F5D513FE11B9}"
EndProject
Global
	GlobalSection(SolutionConfigurationPlatforms) = preSolution
		Debug|Any CPU = Debug|Any CPU
		Release|Any CPU = Release|Any CPU
	EndGlobalSection
	GlobalSection(ProjectConfigurationPlatforms) = postSolution
		{79AB36B9-33F6-4314-AB4A-F5D513FE11B9}.Debug|Any CPU.ActiveCfg = Debug|Any CPU
		{79AB36B9-33F6-4314-AB4A-F5D513FE11B9}.Debug|Any CPU.Build.0 = Debug|Any CPU
		{79AB36B9-33F6-4314-AB4A-F5D513FE11B9}.Release|Any CPU.ActiveCfg = Release|Any CPU
		{79AB36B9-33F6-4314-AB4A-F5D513FE11B9}.Release|Any CPU.Build.0 = Release|Any CPU
	EndGlobalSection
	GlobalSection(SolutionProperties) = preSolution
		HideSolutionNode = FALSE
	EndGlobalSection
	GlobalSection(ExtensibilityGlobals) = postSolution
		SolutionGuid = {7CE52D1C-75A6-4796-B018-ED122559154B}
	EndGlobalSection
EndGlobal
